
Microsoft Visual Studio Solution File, Format Version 12.00
# Visual Studio 2013
VisualStudioVersion = 12.0.30723.0
MinimumVisualStudioVersion = 10.0.40219.1
Project("{FAE04EC0-301F-11D3-BF4B-00C04F79EFBC}") = "MackPortfolio", "MackPortfolio\MackPortfolio.csproj", "{48A18B4C-8C2B-4655-B2DA-A56A955FE42A}"
EndProject
Project("{FAE04EC0-301F-11D3-BF4B-00C04F79EFBC}") = "MackPortfolio.Tests", "MackPortfolio.Tests\MackPortfolio.Tests.csproj", "{E238E0B8-1954-4D01-A448-945455FBD531}"
EndProject
Project("{2150E333-8FDC-42A3-9474-1A3956D46DE8}") = ".nuget", ".nuget", "{712ACCF5-D6BC-45C6-A5C0-F2320F91C04E}"
	ProjectSection(SolutionItems) = preProject
		.nuget\NuGet.Config = .nuget\NuGet.Config
		.nuget\NuGet.exe = .nuget\NuGet.exe
		.nuget\NuGet.targets = .nuget\NuGet.targets
	EndProjectSection
EndProject
Project("{FAE04EC0-301F-11D3-BF4B-00C04F79EFBC}") = "MackPortfolio.Extensions", "MackPortfolio.Extensions\MackPortfolio.Extensions.csproj", "{74FD75B2-8C7E-4063-A02F-B6CD5FA5A86D}"
EndProject
Project("{FAE04EC0-301F-11D3-BF4B-00C04F79EFBC}") = "MackPortfolio.Prototyping", "MackPortfolio.Prototyping\MackPortfolio.Prototyping.csproj", "{D349000B-CBF1-4456-A07A-CC88764F08AC}"
EndProject
Project("{2150E333-8FDC-42A3-9474-1A3956D46DE8}") = "DAL", "DAL", "{8FEFCBCF-31CB-49C4-81AD-C9A780BC9017}"
EndProject
Project("{FAE04EC0-301F-11D3-BF4B-00C04F79EFBC}") = "MackPortfolio.DAL", "MackPortfolio.DAL\MackPortfolio.DAL.csproj", "{396C45EB-2889-40F3-AAB3-216125801A84}"
EndProject
Project("{FAE04EC0-301F-11D3-BF4B-00C04F79EFBC}") = "MackPortfolio.DAL.Interfaces", "MackPortfolio.DAL.Interfaces\MackPortfolio.DAL.Interfaces.csproj", "{68DF500B-E4D6-4E45-8448-39DBC5DB0B9D}"
EndProject
Project("{FAE04EC0-301F-11D3-BF4B-00C04F79EFBC}") = "MackPortfolio.DAL.Repositories", "MackPortfolio.DAL.Repositories\MackPortfolio.DAL.Repositories.csproj", "{DB2B445E-FB1C-4C83-BC2B-FC91F89B1285}"
EndProject
Global
	GlobalSection(SolutionConfigurationPlatforms) = preSolution
		AzureDev|Any CPU = AzureDev|Any CPU
		Debug|Any CPU = Debug|Any CPU
		Release|Any CPU = Release|Any CPU
		Stage|Any CPU = Stage|Any CPU
	EndGlobalSection
	GlobalSection(ProjectConfigurationPlatforms) = postSolution
		{48A18B4C-8C2B-4655-B2DA-A56A955FE42A}.AzureDev|Any CPU.ActiveCfg = Release|Any CPU
		{48A18B4C-8C2B-4655-B2DA-A56A955FE42A}.AzureDev|Any CPU.Build.0 = Release|Any CPU
		{48A18B4C-8C2B-4655-B2DA-A56A955FE42A}.Debug|Any CPU.ActiveCfg = Debug|Any CPU
		{48A18B4C-8C2B-4655-B2DA-A56A955FE42A}.Debug|Any CPU.Build.0 = Debug|Any CPU
		{48A18B4C-8C2B-4655-B2DA-A56A955FE42A}.Release|Any CPU.ActiveCfg = Release|Any CPU
		{48A18B4C-8C2B-4655-B2DA-A56A955FE42A}.Release|Any CPU.Build.0 = Release|Any CPU
		{48A18B4C-8C2B-4655-B2DA-A56A955FE42A}.Stage|Any CPU.ActiveCfg = Release|Any CPU
		{48A18B4C-8C2B-4655-B2DA-A56A955FE42A}.Stage|Any CPU.Build.0 = Release|Any CPU
		{E238E0B8-1954-4D01-A448-945455FBD531}.AzureDev|Any CPU.ActiveCfg = Release|Any CPU
		{E238E0B8-1954-4D01-A448-945455FBD531}.AzureDev|Any CPU.Build.0 = Release|Any CPU
		{E238E0B8-1954-4D01-A448-945455FBD531}.Debug|Any CPU.ActiveCfg = Debug|Any CPU
		{E238E0B8-1954-4D01-A448-945455FBD531}.Debug|Any CPU.Build.0 = Debug|Any CPU
		{E238E0B8-1954-4D01-A448-945455FBD531}.Release|Any CPU.ActiveCfg = Release|Any CPU
		{E238E0B8-1954-4D01-A448-945455FBD531}.Release|Any CPU.Build.0 = Release|Any CPU
		{E238E0B8-1954-4D01-A448-945455FBD531}.Stage|Any CPU.ActiveCfg = Release|Any CPU
		{E238E0B8-1954-4D01-A448-945455FBD531}.Stage|Any CPU.Build.0 = Release|Any CPU
		{74FD75B2-8C7E-4063-A02F-B6CD5FA5A86D}.AzureDev|Any CPU.ActiveCfg = Release|Any CPU
		{74FD75B2-8C7E-4063-A02F-B6CD5FA5A86D}.AzureDev|Any CPU.Build.0 = Release|Any CPU
		{74FD75B2-8C7E-4063-A02F-B6CD5FA5A86D}.Debug|Any CPU.ActiveCfg = Debug|Any CPU
		{74FD75B2-8C7E-4063-A02F-B6CD5FA5A86D}.Debug|Any CPU.Build.0 = Debug|Any CPU
		{74FD75B2-8C7E-4063-A02F-B6CD5FA5A86D}.Release|Any CPU.ActiveCfg = Release|Any CPU
		{74FD75B2-8C7E-4063-A02F-B6CD5FA5A86D}.Release|Any CPU.Build.0 = Release|Any CPU
		{74FD75B2-8C7E-4063-A02F-B6CD5FA5A86D}.Stage|Any CPU.ActiveCfg = Release|Any CPU
		{74FD75B2-8C7E-4063-A02F-B6CD5FA5A86D}.Stage|Any CPU.Build.0 = Release|Any CPU
		{D349000B-CBF1-4456-A07A-CC88764F08AC}.AzureDev|Any CPU.ActiveCfg = AzureDev|Any CPU
		{D349000B-CBF1-4456-A07A-CC88764F08AC}.AzureDev|Any CPU.Build.0 = AzureDev|Any CPU
		{D349000B-CBF1-4456-A07A-CC88764F08AC}.Debug|Any CPU.ActiveCfg = Debug|Any CPU
		{D349000B-CBF1-4456-A07A-CC88764F08AC}.Debug|Any CPU.Build.0 = Debug|Any CPU
		{D349000B-CBF1-4456-A07A-CC88764F08AC}.Release|Any CPU.ActiveCfg = Release|Any CPU
		{D349000B-CBF1-4456-A07A-CC88764F08AC}.Release|Any CPU.Build.0 = Release|Any CPU
		{D349000B-CBF1-4456-A07A-CC88764F08AC}.Stage|Any CPU.ActiveCfg = Stage|Any CPU
		{D349000B-CBF1-4456-A07A-CC88764F08AC}.Stage|Any CPU.Build.0 = Stage|Any CPU
		{396C45EB-2889-40F3-AAB3-216125801A84}.AzureDev|Any CPU.ActiveCfg = Release|Any CPU
		{396C45EB-2889-40F3-AAB3-216125801A84}.AzureDev|Any CPU.Build.0 = Release|Any CPU
		{396C45EB-2889-40F3-AAB3-216125801A84}.Debug|Any CPU.ActiveCfg = Debug|Any CPU
		{396C45EB-2889-40F3-AAB3-216125801A84}.Debug|Any CPU.Build.0 = Debug|Any CPU
		{396C45EB-2889-40F3-AAB3-216125801A84}.Release|Any CPU.ActiveCfg = Release|Any CPU
		{396C45EB-2889-40F3-AAB3-216125801A84}.Release|Any CPU.Build.0 = Release|Any CPU
		{396C45EB-2889-40F3-AAB3-216125801A84}.Stage|Any CPU.ActiveCfg = Release|Any CPU
		{396C45EB-2889-40F3-AAB3-216125801A84}.Stage|Any CPU.Build.0 = Release|Any CPU
		{68DF500B-E4D6-4E45-8448-39DBC5DB0B9D}.AzureDev|Any CPU.ActiveCfg = Release|Any CPU
		{68DF500B-E4D6-4E45-8448-39DBC5DB0B9D}.AzureDev|Any CPU.Build.0 = Release|Any CPU
		{68DF500B-E4D6-4E45-8448-39DBC5DB0B9D}.Debug|Any CPU.ActiveCfg = Debug|Any CPU
		{68DF500B-E4D6-4E45-8448-39DBC5DB0B9D}.Debug|Any CPU.Build.0 = Debug|Any CPU
		{68DF500B-E4D6-4E45-8448-39DBC5DB0B9D}.Release|Any CPU.ActiveCfg = Release|Any CPU
		{68DF500B-E4D6-4E45-8448-39DBC5DB0B9D}.Release|Any CPU.Build.0 = Release|Any CPU
		{68DF500B-E4D6-4E45-8448-39DBC5DB0B9D}.Stage|Any CPU.ActiveCfg = Release|Any CPU
		{68DF500B-E4D6-4E45-8448-39DBC5DB0B9D}.Stage|Any CPU.Build.0 = Release|Any CPU
		{DB2B445E-FB1C-4C83-BC2B-FC91F89B1285}.AzureDev|Any CPU.ActiveCfg = Release|Any CPU
		{DB2B445E-FB1C-4C83-BC2B-FC91F89B1285}.AzureDev|Any CPU.Build.0 = Release|Any CPU
		{DB2B445E-FB1C-4C83-BC2B-FC91F89B1285}.Debug|Any CPU.ActiveCfg = Debug|Any CPU
		{DB2B445E-FB1C-4C83-BC2B-FC91F89B1285}.Debug|Any CPU.Build.0 = Debug|Any CPU
		{DB2B445E-FB1C-4C83-BC2B-FC91F89B1285}.Release|Any CPU.ActiveCfg = Release|Any CPU
		{DB2B445E-FB1C-4C83-BC2B-FC91F89B1285}.Release|Any CPU.Build.0 = Release|Any CPU
		{DB2B445E-FB1C-4C83-BC2B-FC91F89B1285}.Stage|Any CPU.ActiveCfg = Release|Any CPU
		{DB2B445E-FB1C-4C83-BC2B-FC91F89B1285}.Stage|Any CPU.Build.0 = Release|Any CPU
	EndGlobalSection
	GlobalSection(SolutionProperties) = preSolution
		HideSolutionNode = FALSE
	EndGlobalSection
	GlobalSection(NestedProjects) = preSolution
		{396C45EB-2889-40F3-AAB3-216125801A84} = {8FEFCBCF-31CB-49C4-81AD-C9A780BC9017}
		{68DF500B-E4D6-4E45-8448-39DBC5DB0B9D} = {8FEFCBCF-31CB-49C4-81AD-C9A780BC9017}
		{DB2B445E-FB1C-4C83-BC2B-FC91F89B1285} = {8FEFCBCF-31CB-49C4-81AD-C9A780BC9017}
	EndGlobalSection
EndGlobal
